Microsoft Visual Studio Solution File, Format Version 11.00
# Visual Studio 2008

Project("{66AC1BF2-788F-FFA0-C34A-6F66DED2FCD9}") = "Prueba Vuforia", "Assembly-CSharp.csproj", "{1B604F57-9A87-BBAD-2819-AF100D30EB07}"
EndProject
Project("{66AC1BF2-788F-FFA0-C34A-6F66DED2FCD9}") = "Prueba Vuforia", "Assembly-CSharp-Editor.csproj", "{3FC48372-410A-5737-10EF-BD7517FE987B}"
EndProject
Global
	GlobalSection(SolutionConfigurationPlatforms) = preSolution
		Debug|Any CPU = Debug|Any CPU
		Release|Any CPU = Release|Any CPU
	EndGlobalSection
	GlobalSection(ProjectConfigurationPlatforms) = postSolution
		{1B604F57-9A87-BBAD-2819-AF100D30EB07}.Debug|Any CPU.ActiveCfg = Debug|Any CPU
		{1B604F57-9A87-BBAD-2819-AF100D30EB07}.Debug|Any CPU.Build.0 = Debug|Any CPU
		{1B604F57-9A87-BBAD-2819-AF100D30EB07}.Release|Any CPU.ActiveCfg = Release|Any CPU
		{1B604F57-9A87-BBAD-2819-AF100D30EB07}.Release|Any CPU.Build.0 = Release|Any CPU
		{3FC48372-410A-5737-10EF-BD7517FE987B}.Debug|Any CPU.ActiveCfg = Debug|Any CPU
		{3FC48372-410A-5737-10EF-BD7517FE987B}.Debug|Any CPU.Build.0 = Debug|Any CPU
		{3FC48372-410A-5737-10EF-BD7517FE987B}.Release|Any CPU.ActiveCfg = Release|Any CPU
		{3FC48372-410A-5737-10EF-BD7517FE987B}.Release|Any CPU.Build.0 = Release|Any CPU
	EndGlobalSection
	GlobalSection(SolutionProperties) = preSolution
		HideSolutionNode = FALSE
	EndGlobalSection
	GlobalSection(MonoDevelopProperties) = preSolution
		StartupItem = Assembly-CSharp.csproj
	EndGlobalSection
EndGlobal
